# This file is automatically @generated by Poetry 2.1.3 and should not be changed by hand.

[[package]]
name = "systemd-python"
version = "235"
description = "Python interface for libsystemd"
optional = true
python-versions = "*"
groups = ["main"]
markers = "extra == \"journal\""
files = [
    {file = "systemd-python-235.tar.gz", hash = "sha256:4e57f39797fd5d9e2d22b8806a252d7c0106c936039d1e71c8c6b8008e695c0a"},
]

[extras]
journal = ["systemd-python"]

[metadata]
lock-version = "2.1"
python-versions = ">=3.10"
content-hash = "d7721587bb701fb13a8de77907cca318337b71b3f8ee9b80c7ffee7a3292d88b"
